{
  "name": "sidecar-vote",
  "version": "1.0.0",
  "lockfileVersion": 3,
  "requires": true,
  "packages": {
    "": {
      "name": "sidecar-vote",
      "version": "1.0.0",
      "dependencies": {
        "@ai-sdk/gateway": "^3.0.116",
        "@supabase/supabase-js": "^2.49.4",
        "@vercel/oidc": "^3.4.1",
        "ai": "^6.0.185"
      }
    },
    "node_modules/@ai-sdk/gateway": {
      "version": "3.0.116",
      "resolved": "https://registry.npmjs.org/@ai-sdk/gateway/-/gateway-3.0.116.tgz",
      "integrity": "sha512-k8P17w7Eho5Y4l3tZrYxqQdffkI4xwtl8GCxkZs+JdMWZhyrLLlozqWkKLaWrCSlEYQOeIhEnQLhqQgYYU86Rw==",
      "license": "Apache-2.0",
      "dependencies": {
        "@ai-sdk/provider": "3.0.10",
        "@ai-sdk/provider-utils": "4.0.27",
        "@vercel/oidc": "3.2.0"
      },
      "engines": {
        "node": ">=18"
      },
      "peerDependencies": {
        "zod": "^3.25.76 || ^4.1.8"
      }
    },
    "node_modules/@ai-sdk/gateway/node_modules/@vercel/oidc": {
      "version": "3.2.0",
      "resolved": "https://registry.npmjs.org/@vercel/oidc/-/oidc-3.2.0.tgz",
      "integrity": "sha512-UycprH3T6n3jH0k44NHMa7pnFHGu/N05MjojYr+Mc6I7obkoLIJujSWwin1pCvdy/eOxrI/l3uDLQsmcrOb4ug==",
      "license": "Apache-2.0",
      "engines": {
        "node": ">= 20"
      }
    },
    "node_modules/@ai-sdk/provider": {
      "version": "3.0.10",
      "resolved": "https://registry.npmjs.org/@ai-sdk/provider/-/provider-3.0.10.tgz",
      "integrity": "sha512-Q3BZ27qfpYqnCYGvE3vt+Qi6LGOF9R5Nmzn+9JoM1lCRsD9mYaIhfJLkSunN48nfGXJ6n+XNV0J/XVpqGQl7Dw==",
      "license": "Apache-2.0",
      "dependencies": {
        "json-schema": "^0.4.0"
      },
      "engines": {
        "node": ">=18"
      }
    },
    "node_modules/@ai-sdk/provider-utils": {
      "version": "4.0.27",
      "resolved": "https://registry.npmjs.org/@ai-sdk/provider-utils/-/provider-utils-4.0.27.tgz",
      "integrity": "sha512-ubkAJ+xODouwtmN1tYlvTPphH1hPOBfZaEQe8U7skGvFAnIRs9PPpsq57bC2+Ky/MB4yzhd6YOsxTAx9sGpazw==",
      "license": "Apache-2.0",
      "dependencies": {
        "@ai-sdk/provider": "3.0.10",
        "@standard-schema/spec": "^1.1.0",
        "eventsource-parser": "^3.0.8"
      },
      "engines": {
        "node": ">=18"
      },
      "peerDependencies": {
        "zod": "^3.25.76 || ^4.1.8"
      }
    },
    "node_modules/@opentelemetry/api": {
      "version": "1.9.1",
      "resolved": "https://registry.npmjs.org/@opentelemetry/api/-/api-1.9.1.tgz",
      "integrity": "sha512-gLyJlPHPZYdAk1JENA9LeHejZe1Ti77/pTeFm/nMXmQH/HFZlcS/O2XJB+L8fkbrNSqhdtlvjBVjxwUYanNH5Q==",
      "license": "Apache-2.0",
      "engines": {
        "node": ">=8.0.0"
      }
    },
    "node_modules/@standard-schema/spec": {
      "version": "1.1.0",
      "resolved": "https://registry.npmjs.org/@standard-schema/spec/-/spec-1.1.0.tgz",
      "integrity": "sha512-l2aFy5jALhniG5HgqrD6jXLi/rUWrKvqN/qJx6yoJsgKhblVd+iqqU4RCXavm/jPityDo5TCvKMnpjKnOriy0w==",
      "license": "MIT"
    },
    "node_modules/@supabase/auth-js": {
      "version": "2.106.0",
      "resolved": "https://registry.npmjs.org/@supabase/auth-js/-/auth-js-2.106.0.tgz",
      "integrity": "sha512-JY7602OvjK2l3BjsQkpePpxR+6P0iG37gCrZNWAMhAuNh1iFnhGRwj/y5EshUG0INMPGFrj0UA9MErQ/kOEKFg==",
      "license": "MIT",
      "dependencies": {
        "tslib": "2.8.1"
      },
      "engines": {
        "node": ">=20.0.0"
      }
    },
    "node_modules/@supabase/functions-js": {
      "version": "2.106.0",
      "resolved": "https://registry.npmjs.org/@supabase/functions-js/-/functions-js-2.106.0.tgz",
      "integrity": "sha512-ADIkJYH5w7HbnGVAAlCbyKoLF5QdfyezBLfYXpUqhxZOacK6YepOvnP/8p4p+50bhTPWp6VhDxu19KO7e/qU2g==",
      "license": "MIT",
      "dependencies": {
        "tslib": "2.8.1"
      },
      "engines": {
        "node": ">=20.0.0"
      }
    },
    "node_modules/@supabase/phoenix": {
      "version": "0.4.2",
      "resolved": "https://registry.npmjs.org/@supabase/phoenix/-/phoenix-0.4.2.tgz",
      "integrity": "sha512-YSAGnmDAfuleFCVt3CeurQZAhxRfXWeZIIkwp7NhYzQ1UwW6ePSnzsFAiUm/mbCkfoCf70QQHKW/K6RKh52a4A==",
      "license": "MIT"
    },
    "node_modules/@supabase/postgrest-js": {
      "version": "2.106.0",
      "resolved": "https://registry.npmjs.org/@supabase/postgrest-js/-/postgrest-js-2.106.0.tgz",
      "integrity": "sha512-vNKFAXQrtmUn7J3LbN+uMlt0jciAwRIBpdy6Do4DKrpf1xj0kJhbqXTX4y8ziewWUEEx8G5GPnDmprXXaO9f3w==",
      "license": "MIT",
      "dependencies": {
        "tslib": "2.8.1"
      },
      "engines": {
        "node": ">=20.0.0"
      }
    },
    "node_modules/@supabase/realtime-js": {
      "version": "2.106.0",
      "resolved": "https://registry.npmjs.org/@supabase/realtime-js/-/realtime-js-2.106.0.tgz",
      "integrity": "sha512-mYZoaYpkyjlecixbvxCu0h3jw12uHfEcUqNdaRATNI8zQVI5arels+VJzAGcHwNiD+/Juv0OXIuk+M7SHsdI4A==",
      "license": "MIT",
      "dependencies": {
        "@supabase/phoenix": "^0.4.2",
        "tslib": "2.8.1"
      },
      "engines": {
        "node": ">=20.0.0"
      }
    },
    "node_modules/@supabase/storage-js": {
      "version": "2.106.0",
      "resolved": "https://registry.npmjs.org/@supabase/storage-js/-/storage-js-2.106.0.tgz",
      "integrity": "sha512-BHc3nIjD3zfdDxBenphXrLJSoQ+qwo24VD96cVzmjBFbQVk5krvwRNUXrA5ozPplA3Vhlst2d/hy9R9ViqH2lg==",
      "license": "MIT",
      "dependencies": {
        "iceberg-js": "^0.8.1",
        "tslib": "2.8.1"
      },
      "engines": {
        "node": ">=20.0.0"
      }
    },
    "node_modules/@supabase/supabase-js": {
      "version": "2.106.0",
      "resolved": "https://registry.npmjs.org/@supabase/supabase-js/-/supabase-js-2.106.0.tgz",
      "integrity": "sha512-OOoo3sLj9iVXNp6b+fkyOfFeQrvvNy7nQbaONNf72dOaictUeS39hFDS9argIRTag6M3ZxIypNWcrDAwLgUihQ==",
      "license": "MIT",
      "dependencies": {
        "@supabase/auth-js": "2.106.0",
        "@supabase/functions-js": "2.106.0",
        "@supabase/postgrest-js": "2.106.0",
        "@supabase/realtime-js": "2.106.0",
        "@supabase/storage-js": "2.106.0"
      },
      "engines": {
        "node": ">=20.0.0"
      }
    },
    "node_modules/@vercel/oidc": {
      "version": "3.4.1",
      "resolved": "https://registry.npmjs.org/@vercel/oidc/-/oidc-3.4.1.tgz",
      "integrity": "sha512-H6B+/ig/GoahccL3WZjiHayHw1H5KhvTJNceqYulwfK9kkz5iul2hTmYzcJ7tTCQzyd0dutuL9xYFZCyLUqsog==",
      "license": "Apache-2.0",
      "engines": {
        "node": ">= 20"
      }
    },
    "node_modules/ai": {
      "version": "6.0.185",
      "resolved": "https://registry.npmjs.org/ai/-/ai-6.0.185.tgz",
      "integrity": "sha512-oGsqscREaTlo75KHZLtwZxRyI+ZBwHV2wRX9B8smHjgOs13WwoCvUyr5aPUWpIBRz406wmIKy1RzoUEq0/WKJw==",
      "license": "Apache-2.0",
      "dependencies": {
        "@ai-sdk/gateway": "3.0.116",
        "@ai-sdk/provider": "3.0.10",
        "@ai-sdk/provider-utils": "4.0.27",
        "@opentelemetry/api": "^1.9.0"
      },
      "engines": {
        "node": ">=18"
      },
      "peerDependencies": {
        "zod": "^3.25.76 || ^4.1.8"
      }
    },
    "node_modules/eventsource-parser": {
      "version": "3.0.8",
      "resolved": "https://registry.npmjs.org/eventsource-parser/-/eventsource-parser-3.0.8.tgz",
      "integrity": "sha512-70QWGkr4snxr0OXLRWsFLeRBIRPuQOvt4s8QYjmUlmlkyTZkRqS7EDVRZtzU3TiyDbXSzaOeF0XUKy8PchzukQ==",
      "license": "MIT",
      "engines": {
        "node": ">=18.0.0"
      }
    },
    "node_modules/iceberg-js": {
      "version": "0.8.1",
      "resolved": "https://registry.npmjs.org/iceberg-js/-/iceberg-js-0.8.1.tgz",
      "integrity": "sha512-1dhVQZXhcHje7798IVM+xoo/1ZdVfzOMIc8/rgVSijRK38EDqOJoGula9N/8ZI5RD8QTxNQtK/Gozpr+qUqRRA==",
      "license": "MIT",
      "engines": {
        "node": ">=20.0.0"
      }
    },
    "node_modules/json-schema": {
      "version": "0.4.0",
      "resolved": "https://registry.npmjs.org/json-schema/-/json-schema-0.4.0.tgz",
      "integrity": "sha512-es94M3nTIfsEPisRafak+HDLfHXnKBhV3vU5eqPcS3flIWqcxJWgXHXiey3YrpaNsanY5ei1VoYEbOzijuq9BA==",
      "license": "(AFL-2.1 OR BSD-3-Clause)"
    },
    "node_modules/tslib": {
      "version": "2.8.1",
      "resolved": "https://registry.npmjs.org/tslib/-/tslib-2.8.1.tgz",
      "integrity": "sha512-oJFu94HQb+KVduSUQL7wnpmqnfmLsOA/nAh6b6EH0wCEoK0/mPeXU6c3wKDV83MkOuHPRHtSXKKU99IBazS/2w==",
      "license": "0BSD"
    },
    "node_modules/zod": {
      "version": "4.4.3",
      "resolved": "https://registry.npmjs.org/zod/-/zod-4.4.3.tgz",
      "integrity": "sha512-ytENFjIJFl2UwYglde2jchW2Hwm4GJFLDiSXWdTrJQBIN9Fcyp7n4DhxJEiWNAJMV1/BqWfW/kkg71UDcHJyTQ==",
      "license": "MIT",
      "peer": true,
      "funding": {
        "url": "https://github.com/sponsors/colinhacks"
      }
    }
  }
}
